
Microsoft Visual Studio Solution File, Format Version 12.00
# Visual Studio Version 16
VisualStudioVersion = 16.0.28803.202
MinimumVisualStudioVersion = 10.0.40219.1
Project("{FAE04EC0-301F-11D3-BF4B-00C04F79EFBC}") = "KiddosBlazor.Server", "KiddosBlazor.Server\KiddosBlazor.Server.csproj", "{ED5252FC-8720-4B74-AD77-3B3B5D82EF68}"
EndProject
Project("{FAE04EC0-301F-11D3-BF4B-00C04F79EFBC}") = "KiddosBlazor.Client", "KiddosBlazor.Client\KiddosBlazor.Client.csproj", "{F202B7D7-F794-4AC9-BE44-794003667518}"
EndProject
Project("{FAE04EC0-301F-11D3-BF4B-00C04F79EFBC}") = "KiddosBlazor.Shared", "KiddosBlazor.Shared\KiddosBlazor.Shared.csproj", "{1985CCEF-9736-491B-8A2A-083FAD9FC9B7}"
EndProject
Global
	GlobalSection(SolutionConfigurationPlatforms) = preSolution
		Debug|Any CPU = Debug|Any CPU
		Release|Any CPU = Release|Any CPU
	EndGlobalSection
	GlobalSection(ProjectConfigurationPlatforms) = postSolution
		{ED5252FC-8720-4B74-AD77-3B3B5D82EF68}.Debug|Any CPU.ActiveCfg = Debug|Any CPU
		{ED5252FC-8720-4B74-AD77-3B3B5D82EF68}.Debug|Any CPU.Build.0 = Debug|Any CPU
		{ED5252FC-8720-4B74-AD77-3B3B5D82EF68}.Release|Any CPU.ActiveCfg = Release|Any CPU
		{ED5252FC-8720-4B74-AD77-3B3B5D82EF68}.Release|Any CPU.Build.0 = Release|Any CPU
		{F202B7D7-F794-4AC9-BE44-794003667518}.Debug|Any CPU.ActiveCfg = Debug|Any CPU
		{F202B7D7-F794-4AC9-BE44-794003667518}.Debug|Any CPU.Build.0 = Debug|Any CPU
		{F202B7D7-F794-4AC9-BE44-794003667518}.Release|Any CPU.ActiveCfg = Release|Any CPU
		{F202B7D7-F794-4AC9-BE44-794003667518}.Release|Any CPU.Build.0 = Release|Any CPU
		{1985CCEF-9736-491B-8A2A-083FAD9FC9B7}.Debug|Any CPU.ActiveCfg = Debug|Any CPU
		{1985CCEF-9736-491B-8A2A-083FAD9FC9B7}.Debug|Any CPU.Build.0 = Debug|Any CPU
		{1985CCEF-9736-491B-8A2A-083FAD9FC9B7}.Release|Any CPU.ActiveCfg = Release|Any CPU
		{1985CCEF-9736-491B-8A2A-083FAD9FC9B7}.Release|Any CPU.Build.0 = Release|Any CPU
	EndGlobalSection
	GlobalSection(SolutionProperties) = preSolution
		HideSolutionNode = FALSE
	EndGlobalSection
	GlobalSection(ExtensibilityGlobals) = postSolution
		SolutionGuid = {6C87E36E-204D-4535-8F95-4B4B5DBDF2D1}
	EndGlobalSection
EndGlobal
